// !$*UTF8*$!
{
	archiveVersion = 1;
	classes = {
	};
	objectVersion = 50;
	objects = {

/* Begin PBXBuildFile section */
		5B46820B2631118B00A34E9D /* CarCalcViewController.swift in Sources */ = {isa = PBXBuildFile; fileRef = 5B46820A2631118B00A34E9D /* CarCalcViewController.swift */; };
		5B468211263128B800A34E9D /* ConstantsViewController.swift in Sources */ = {isa = PBXBuildFile; fileRef = 5B468210263128B800A34E9D /* ConstantsViewController.swift */; };
		5B4682182631D2E400A34E9D /* BusinessesViewController.swift in Sources */ = {isa = PBXBuildFile; fileRef = 5B4682172631D2E400A34E9D /* BusinessesViewController.swift */; };
		5B4682202631D2F600A34E9D /* AirplaneCalc.swift in Sources */ = {isa = PBXBuildFile; fileRef = 5B46821F2631D2F600A34E9D /* AirplaneCalc.swift */; };
		5B4682252631D30300A34E9D /* TruckCalc.swift in Sources */ = {isa = PBXBuildFile; fileRef = 5B4682242631D30300A34E9D /* TruckCalc.swift */; };
		5B46822A263245BC00A34E9D /* BusiCalcViewController.swift in Sources */ = {isa = PBXBuildFile; fileRef = 5B468229263245BC00A34E9D /* BusiCalcViewController.swift */; };
		5B6EBC242644E738006AC832 /* ConversionViewController.swift in Sources */ = {isa = PBXBuildFile; fileRef = 5B6EBC232644E738006AC832 /* ConversionViewController.swift */; };
		5B978C7A2632539600FE383C /* HouseDataViewController.swift in Sources */ = {isa = PBXBuildFile; fileRef = 5B978C792632539600FE383C /* HouseDataViewController.swift */; };
		5B978C7F2632539F00FE383C /* HouseCalcViewController.swift in Sources */ = {isa = PBXBuildFile; fileRef = 5B978C7E2632539F00FE383C /* HouseCalcViewController.swift */; };
		5B978C882633B22300FE383C /* SavingsViewController.swift in Sources */ = {isa = PBXBuildFile; fileRef = 5B978C872633B22300FE383C /* SavingsViewController.swift */; };
		5B978C8D2633B31200FE383C /* SavingsDataViewController.swift in Sources */ = {isa = PBXBuildFile; fileRef = 5B978C8C2633B31200FE383C /* SavingsDataViewController.swift */; };
		5B9D935126351CFE000A0EB1 /* Designers.swift in Sources */ = {isa = PBXBuildFile; fileRef = 5B9D935026351CFE000A0EB1 /* Designers.swift */; };
		5BAE6A2C2640A6C500B2324A /* HowSaveViewController.swift in Sources */ = {isa = PBXBuildFile; fileRef = 5BAE6A2B2640A6C500B2324A /* HowSaveViewController.swift */; };
		5BAE6A312640AA5400B2324A /* MainSaveViewController.swift in Sources */ = {isa = PBXBuildFile; fileRef = 5BAE6A302640AA5400B2324A /* MainSaveViewController.swift */; };
		5BAE6A362640B16C00B2324A /* DonationLocationViewController.swift in Sources */ = {isa = PBXBuildFile; fileRef = 5BAE6A352640B16C00B2324A /* DonationLocationViewController.swift */; };
		5BAE6A3C2640B18700B2324A /* Information.swift in Sources */ = {isa = PBXBuildFile; fileRef = 5BAE6A3B2640B18700B2324A /* Information.swift */; };
		5BAE6A412640B18F00B2324A /* Location.swift in Sources */ = {isa = PBXBuildFile; fileRef = 5BAE6A402640B18F00B2324A /* Location.swift */; };
		5BCCD18D262FDA78006616F7 /* AppDelegate.swift in Sources */ = {isa = PBXBuildFile; fileRef = 5BCCD18C262FDA78006616F7 /* AppDelegate.swift */; };
		5BCCD18F262FDA78006616F7 /* SceneDelegate.swift in Sources */ = {isa = PBXBuildFile; fileRef = 5BCCD18E262FDA78006616F7 /* SceneDelegate.swift */; };
		5BCCD191262FDA78006616F7 /* ViewController.swift in Sources */ = {isa = PBXBuildFile; fileRef = 5BCCD190262FDA78006616F7 /* ViewController.swift */; };
		5BCCD194262FDA78006616F7 /* Main.storyboard in Resources */ = {isa = PBXBuildFile; fileRef = 5BCCD192262FDA78006616F7 /* Main.storyboard */; };
		5BCCD197262FDA78006616F7 /* CarbonFootprintManager.xcdatamodeld in Sources */ = {isa = PBXBuildFile; fileRef = 5BCCD195262FDA78006616F7 /* CarbonFootprintManager.xcdatamodeld */; };
		5BCCD199262FDA79006616F7 /* Assets.xcassets in Resources */ = {isa = PBXBuildFile; fileRef = 5BCCD198262FDA79006616F7 /* Assets.xcassets */; };
		5BCCD19C262FDA79006616F7 /* LaunchScreen.storyboard in Resources */ = {isa = PBXBuildFile; fileRef = 5BCCD19A262FDA79006616F7 /* LaunchScreen.storyboard */; };
		5BCCD1A7262FDA7A006616F7 /* CarbonFootprintManagerTests.swift in Sources */ = {isa = PBXBuildFile; fileRef = 5BCCD1A6262FDA7A006616F7 /* CarbonFootprintManagerTests.swift */; };
		5BCCD1B2262FDA7A006616F7 /* CarbonFootprintManagerUITests.swift in Sources */ = {isa = PBXBuildFile; fileRef = 5BCCD1B1262FDA7A006616F7 /* CarbonFootprintManagerUITests.swift */; };
		5BCCD1C5262FDC2C006616F7 /* CalculatorViewController.swift in Sources */ = {isa = PBXBuildFile; fileRef = 5BCCD1C4262FDC2C006616F7 /* CalculatorViewController.swift */; };
		5BCCD1CA262FDC36006616F7 /* calc.swift in Sources */ = {isa = PBXBuildFile; fileRef = 5BCCD1C9262FDC36006616F7 /* calc.swift */; };
		5BCCD1CF262FE01F006616F7 /* avoidSpending.swift in Sources */ = {isa = PBXBuildFile; fileRef = 5BCCD1CE262FE01F006616F7 /* avoidSpending.swift */; };
/* End PBXBuildFile section */

/* Begin PBXContainerItemProxy section */
		5BCCD1A3262FDA7A006616F7 /* PBXContainerItemProxy */ = {
			isa = PBXContainerItemProxy;
			containerPortal = 5BCCD181262FDA78006616F7 /* Project object */;
			proxyType = 1;
			remoteGlobalIDString = 5BCCD188262FDA78006616F7;
			remoteInfo = CarbonFootprintManager;
		};
		5BCCD1AE262FDA7A006616F7 /* PBXContainerItemProxy */ = {
			isa = PBXContainerItemProxy;
			containerPortal = 5BCCD181262FDA78006616F7 /* Project object */;
			proxyType = 1;
			remoteGlobalIDString = 5BCCD188262FDA78006616F7;
			remoteInfo = CarbonFootprintManager;
		};
/* End PBXContainerItemProxy section */

/* Begin PBXFileReference section */
		5B46820A2631118B00A34E9D /* CarCalcViewController.swift */ = {isa = PBXFileReference; lastKnownFileType = sourcecode.swift; path = CarCalcViewController.swift; sourceTree = "<group>"; };
		5B468210263128B800A34E9D /* ConstantsViewController.swift */ = {isa = PBXFileReference; lastKnownFileType = sourcecode.swift; path = ConstantsViewController.swift; sourceTree = "<group>"; };
		5B4682172631D2E400A34E9D /* BusinessesViewController.swift */ = {isa = PBXFileReference; lastKnownFileType = sourcecode.swift; path = BusinessesViewController.swift; sourceTree = "<group>"; };
		5B46821F2631D2F600A34E9D /* AirplaneCalc.swift */ = {isa = PBXFileReference; lastKnownFileType = sourcecode.swift; path = AirplaneCalc.swift; sourceTree = "<group>"; };
		5B4682242631D30300A34E9D /* TruckCalc.swift */ = {isa = PBXFileReference; lastKnownFileType = sourcecode.swift; path = TruckCalc.swift; sourceTree = "<group>"; };
		5B468229263245BC00A34E9D /* BusiCalcViewController.swift */ = {isa = PBXFileReference; lastKnownFileType = sourcecode.swift; path = BusiCalcViewController.swift; sourceTree = "<group>"; };
		5B6EBC232644E738006AC832 /* ConversionViewController.swift */ = {isa = PBXFileReference; lastKnownFileType = sourcecode.swift; path = ConversionViewController.swift; sourceTree = "<group>"; };
		5B978C792632539600FE383C /* HouseDataViewController.swift */ = {isa = PBXFileReference; lastKnownFileType = sourcecode.swift; path = HouseDataViewController.swift; sourceTree = "<group>"; };
		5B978C7E2632539F00FE383C /* HouseCalcViewController.swift */ = {isa = PBXFileReference; lastKnownFileType = sourcecode.swift; path = HouseCalcViewController.swift; sourceTree = "<group>"; };
		5B978C872633B22300FE383C /* SavingsViewController.swift */ = {isa = PBXFileReference; lastKnownFileType = sourcecode.swift; path = SavingsViewController.swift; sourceTree = "<group>"; };
		5B978C8C2633B31200FE383C /* SavingsDataViewController.swift */ = {isa = PBXFileReference; lastKnownFileType = sourcecode.swift; path = SavingsDataViewController.swift; sourceTree = "<group>"; };
		5B9D935026351CFE000A0EB1 /* Designers.swift */ = {isa = PBXFileReference; lastKnownFileType = sourcecode.swift; path = Designers.swift; sourceTree = "<group>"; };
		5B9D935526371429000A0EB1 /* CarbonFootprintManager.entitlements */ = {isa = PBXFileReference; lastKnownFileType = text.plist.entitlements; path = CarbonFootprintManager.entitlements; sourceTree = "<group>"; };
		5BAE6A2B2640A6C500B2324A /* HowSaveViewController.swift */ = {isa = PBXFileReference; lastKnownFileType = sourcecode.swift; path = HowSaveViewController.swift; sourceTree = "<group>"; };
		5BAE6A302640AA5400B2324A /* MainSaveViewController.swift */ = {isa = PBXFileReference; lastKnownFileType = sourcecode.swift; path = MainSaveViewController.swift; sourceTree = "<group>"; };
		5BAE6A352640B16C00B2324A /* DonationLocationViewController.swift */ = {isa = PBXFileReference; lastKnownFileType = sourcecode.swift; path = DonationLocationViewController.swift; sourceTree = "<group>"; };
		5BAE6A3B2640B18700B2324A /* Information.swift */ = {isa = PBXFileReference; lastKnownFileType = sourcecode.swift; path = Information.swift; sourceTree = "<group>"; };
		5BAE6A402640B18F00B2324A /* Location.swift */ = {isa = PBXFileReference; lastKnownFileType = sourcecode.swift; path = Location.swift; sourceTree = "<group>"; };
		5BCCD189262FDA78006616F7 /* CarbonFootprintManager.app */ = {isa = PBXFileReference; explicitFileType = wrapper.application; includeInIndex = 0; path = CarbonFootprintManager.app; sourceTree = BUILT_PRODUCTS_DIR; };
		5BCCD18C262FDA78006616F7 /* AppDelegate.swift */ = {isa = PBXFileReference; lastKnownFileType = sourcecode.swift; path = AppDelegate.swift; sourceTree = "<group>"; };
		5BCCD18E262FDA78006616F7 /* SceneDelegate.swift */ = {isa = PBXFileReference; lastKnownFileType = sourcecode.swift; path = SceneDelegate.swift; sourceTree = "<group>"; };
		5BCCD190262FDA78006616F7 /* ViewController.swift */ = {isa = PBXFileReference; lastKnownFileType = sourcecode.swift; path = ViewController.swift; sourceTree = "<group>"; };
		5BCCD193262FDA78006616F7 /* Base */ = {isa = PBXFileReference; lastKnownFileType = file.storyboard; name = Base; path = Base.lproj/Main.storyboard; sourceTree = "<group>"; };
		5BCCD196262FDA78006616F7 /* CarbonFootprintManager.xcdatamodel */ = {isa = PBXFileReference; lastKnownFileType = wrapper.xcdatamodel; path = CarbonFootprintManager.xcdatamodel; sourceTree = "<group>"; };
		5BCCD198262FDA79006616F7 /* Assets.xcassets */ = {isa = PBXFileReference; lastKnownFileType = folder.assetcatalog; path = Assets.xcassets; sourceTree = "<group>"; };
		5BCCD19B262FDA79006616F7 /* Base */ = {isa = PBXFileReference; lastKnownFileType = file.storyboard; name = Base; path = Base.lproj/LaunchScreen.storyboard; sourceTree = "<group>"; };
		5BCCD19D262FDA79006616F7 /* Info.plist */ = {isa = PBXFileReference; lastKnownFileType = text.plist.xml; path = Info.plist; sourceTree = "<group>"; };
		5BCCD1A2262FDA7A006616F7 /* CarbonFootprintManagerTests.xctest */ = {isa = PBXFileReference; explicitFileType = wrapper.cfbundle; includeInIndex = 0; path = CarbonFootprintManagerTests.xctest; sourceTree = BUILT_PRODUCTS_DIR; };
		5BCCD1A6262FDA7A006616F7 /* CarbonFootprintManagerTests.swift */ = {isa = PBXFileReference; lastKnownFileType = sourcecode.swift; path = CarbonFootprintManagerTests.swift; sourceTree = "<group>"; };
		5BCCD1A8262FDA7A006616F7 /* Info.plist */ = {isa = PBXFileReference; lastKnownFileType = text.plist.xml; path = Info.plist; sourceTree = "<group>"; };
		5BCCD1AD262FDA7A006616F7 /* CarbonFootprintManagerUITests.xctest */ = {isa = PBXFileReference; explicitFileType = wrapper.cfbundle; includeInIndex = 0; path = CarbonFootprintManagerUITests.xctest; sourceTree = BUILT_PRODUCTS_DIR; };
		5BCCD1B1262FDA7A006616F7 /* CarbonFootprintManagerUITests.swift */ = {isa = PBXFileReference; lastKnownFileType = sourcecode.swift; path = CarbonFootprintManagerUITests.swift; sourceTree = "<group>"; };
		5BCCD1B3262FDA7A006616F7 /* Info.plist */ = {isa = PBXFileReference; lastKnownFileType = text.plist.xml; path = Info.plist; sourceTree = "<group>"; };
		5BCCD1C4262FDC2C006616F7 /* CalculatorViewController.swift */ = {isa = PBXFileReference; lastKnownFileType = sourcecode.swift; path = CalculatorViewController.swift; sourceTree = "<group>"; };
		5BCCD1C9262FDC36006616F7 /* calc.swift */ = {isa = PBXFileReference; lastKnownFileType = sourcecode.swift; path = calc.swift; sourceTree = "<group>"; };
		5BCCD1CE262FE01F006616F7 /* avoidSpending.swift */ = {isa = PBXFileReference; lastKnownFileType = sourcecode.swift; path = avoidSpending.swift; sourceTree = "<group>"; };
/* End PBXFileReference section */

/* Begin PBXFrameworksBuildPhase section */
		5BCCD186262FDA78006616F7 /* Frameworks */ = {
			isa = PBXFrameworksBuildPhase;
			buildActionMask = 2147483647;
			files = (
			);
			runOnlyForDeploymentPostprocessing = 0;
		};
		5BCCD19F262FDA7A006616F7 /* Frameworks */ = {
			isa = PBXFrameworksBuildPhase;
			buildActionMask = 2147483647;
			files = (
			);
			runOnlyForDeploymentPostprocessing = 0;
		};
		5BCCD1AA262FDA7A006616F7 /* Frameworks */ = {
			isa = PBXFrameworksBuildPhase;
			buildActionMask = 2147483647;
			files = (
			);
			runOnlyForDeploymentPostprocessing = 0;
		};
/* End PBXFrameworksBuildPhase section */

/* Begin PBXGroup section */
		5B46820F263128A100A34E9D /* Constants */ = {
			isa = PBXGroup;
			children = (
				5B468210263128B800A34E9D /* ConstantsViewController.swift */,
			);
			path = Constants;
			sourceTree = "<group>";
		};
		5B4682152631D2CB00A34E9D /* Business Calc */ = {
			isa = PBXGroup;
			children = (
				5B4682162631D2D600A34E9D /* Logic */,
				5B4682172631D2E400A34E9D /* BusinessesViewController.swift */,
				5B468229263245BC00A34E9D /* BusiCalcViewController.swift */,
			);
			path = "Business Calc";
			sourceTree = "<group>";
		};
		5B4682162631D2D600A34E9D /* Logic */ = {
			isa = PBXGroup;
			children = (
				5B46821F2631D2F600A34E9D /* AirplaneCalc.swift */,
				5B4682242631D30300A34E9D /* TruckCalc.swift */,
			);
			path = Logic;
			sourceTree = "<group>";
		};
		5B978C862633B20E00FE383C /* Savings */ = {
			isa = PBXGroup;
			children = (
				5BAE6A3A2640B17200B2324A /* Donations Table */,
				5B978C872633B22300FE383C /* SavingsViewController.swift */,
				5B978C8C2633B31200FE383C /* SavingsDataViewController.swift */,
				5BAE6A2B2640A6C500B2324A /* HowSaveViewController.swift */,
				5BAE6A302640AA5400B2324A /* MainSaveViewController.swift */,
				5BAE6A352640B16C00B2324A /* DonationLocationViewController.swift */,
			);
			path = Savings;
			sourceTree = "<group>";
		};
		5B9D934F26351CF0000A0EB1 /* Helpers */ = {
			isa = PBXGroup;
			children = (
				5B9D935026351CFE000A0EB1 /* Designers.swift */,
			);
			path = Helpers;
			sourceTree = "<group>";
		};
		5BAE6A3A2640B17200B2324A /* Donations Table */ = {
			isa = PBXGroup;
			children = (
				5BAE6A3B2640B18700B2324A /* Information.swift */,
				5BAE6A402640B18F00B2324A /* Location.swift */,
			);
			path = "Donations Table";
			sourceTree = "<group>";
		};
		5BCCD180262FDA78006616F7 = {
			isa = PBXGroup;
			children = (
				5BCCD18B262FDA78006616F7 /* CarbonFootprintManager */,
				5BCCD1A5262FDA7A006616F7 /* CarbonFootprintManagerTests */,
				5BCCD1B0262FDA7A006616F7 /* CarbonFootprintManagerUITests */,
				5BCCD18A262FDA78006616F7 /* Products */,
			);
			sourceTree = "<group>";
		};
		5BCCD18A262FDA78006616F7 /* Products */ = {
			isa = PBXGroup;
			children = (
				5BCCD189262FDA78006616F7 /* CarbonFootprintManager.app */,
				5BCCD1A2262FDA7A006616F7 /* CarbonFootprintManagerTests.xctest */,
				5BCCD1AD262FDA7A006616F7 /* CarbonFootprintManagerUITests.xctest */,
			);
			name = Products;
			sourceTree = "<group>";
		};
		5BCCD18B262FDA78006616F7 /* CarbonFootprintManager */ = {
			isa = PBXGroup;
			children = (
				5B9D935526371429000A0EB1 /* CarbonFootprintManager.entitlements */,
				5B9D934F26351CF0000A0EB1 /* Helpers */,
				5B978C862633B20E00FE383C /* Savings */,
				5B4682152631D2CB00A34E9D /* Business Calc */,
				5B46820F263128A100A34E9D /* Constants */,
				5BCCD1C2262FDC0C006616F7 /* Calculator */,
				5BCCD18C262FDA78006616F7 /* AppDelegate.swift */,
				5BCCD18E262FDA78006616F7 /* SceneDelegate.swift */,
				5BCCD190262FDA78006616F7 /* ViewController.swift */,
				5BCCD192262FDA78006616F7 /* Main.storyboard */,
				5BCCD198262FDA79006616F7 /* Assets.xcassets */,
				5BCCD19A262FDA79006616F7 /* LaunchScreen.storyboard */,
				5BCCD19D262FDA79006616F7 /* Info.plist */,
				5BCCD195262FDA78006616F7 /* CarbonFootprintManager.xcdatamodeld */,
				5B6EBC232644E738006AC832 /* ConversionViewController.swift */,
			);
			path = CarbonFootprintManager;
			sourceTree = "<group>";
		};
		5BCCD1A5262FDA7A006616F7 /* CarbonFootprintManagerTests */ = {
			isa = PBXGroup;
			children = (
				5BCCD1A6262FDA7A006616F7 /* CarbonFootprintManagerTests.swift */,
				5BCCD1A8262FDA7A006616F7 /* Info.plist */,
			);
			path = CarbonFootprintManagerTests;
			sourceTree = "<group>";
		};
		5BCCD1B0262FDA7A006616F7 /* CarbonFootprintManagerUITests */ = {
			isa = PBXGroup;
			children = (
				5BCCD1B1262FDA7A006616F7 /* CarbonFootprintManagerUITests.swift */,
				5BCCD1B3262FDA7A006616F7 /* Info.plist */,
			);
			path = CarbonFootprintManagerUITests;
			sourceTree = "<group>";
		};
		5BCCD1C2262FDC0C006616F7 /* Calculator */ = {
			isa = PBXGroup;
			children = (
				5BCCD1C3262FDC16006616F7 /* Logic */,
				5BCCD1C4262FDC2C006616F7 /* CalculatorViewController.swift */,
				5B46820A2631118B00A34E9D /* CarCalcViewController.swift */,
				5B978C792632539600FE383C /* HouseDataViewController.swift */,
				5B978C7E2632539F00FE383C /* HouseCalcViewController.swift */,
			);
			path = Calculator;
			sourceTree = "<group>";
		};
		5BCCD1C3262FDC16006616F7 /* Logic */ = {
			isa = PBXGroup;
			children = (
				5BCCD1C9262FDC36006616F7 /* calc.swift */,
				5BCCD1CE262FE01F006616F7 /* avoidSpending.swift */,
			);
			path = Logic;
			sourceTree = "<group>";
		};
/* End PBXGroup section */

/* Begin PBXNativeTarget section */
		5BCCD188262FDA78006616F7 /* CarbonFootprintManager */ = {
			isa = PBXNativeTarget;
			buildConfigurationList = 5BCCD1B6262FDA7A006616F7 /* Build configuration list for PBXNativeTarget "CarbonFootprintManager" */;
			buildPhases = (
				5BCCD185262FDA78006616F7 /* Sources */,
				5BCCD186262FDA78006616F7 /* Frameworks */,
				5BCCD187262FDA78006616F7 /* Resources */,
			);
			buildRules = (
			);
			dependencies = (
			);
			name = CarbonFootprintManager;
			productName = CarbonFootprintManager;
			productReference = 5BCCD189262FDA78006616F7 /* CarbonFootprintManager.app */;
			productType = "com.apple.product-type.application";
		};
		5BCCD1A1262FDA7A006616F7 /* CarbonFootprintManagerTests */ = {
			isa = PBXNativeTarget;
			buildConfigurationList = 5BCCD1B9262FDA7A006616F7 /* Build configuration list for PBXNativeTarget "CarbonFootprintManagerTests" */;
			buildPhases = (
				5BCCD19E262FDA7A006616F7 /* Sources */,
				5BCCD19F262FDA7A006616F7 /* Frameworks */,
				5BCCD1A0262FDA7A006616F7 /* Resources */,
			);
			buildRules = (
			);
			dependencies = (
				5BCCD1A4262FDA7A006616F7 /* PBXTargetDependency */,
			);
			name = CarbonFootprintManagerTests;
			productName = CarbonFootprintManagerTests;
			productReference = 5BCCD1A2262FDA7A006616F7 /* CarbonFootprintManagerTests.xctest */;
			productType = "com.apple.product-type.bundle.unit-test";
		};
		5BCCD1AC262FDA7A006616F7 /* CarbonFootprintManagerUITests */ = {
			isa = PBXNativeTarget;
			buildConfigurationList = 5BCCD1BC262FDA7A006616F7 /* Build configuration list for PBXNativeTarget "CarbonFootprintManagerUITests" */;
			buildPhases = (
				5BCCD1A9262FDA7A006616F7 /* Sources */,
				5BCCD1AA262FDA7A006616F7 /* Frameworks */,
				5BCCD1AB262FDA7A006616F7 /* Resources */,
			);
			buildRules = (
			);
			dependencies = (
				5BCCD1AF262FDA7A006616F7 /* PBXTargetDependency */,
			);
			name = CarbonFootprintManagerUITests;
			productName = CarbonFootprintManagerUITests;
			productReference = 5BCCD1AD262FDA7A006616F7 /* CarbonFootprintManagerUITests.xctest */;
			productType = "com.apple.product-type.bundle.ui-testing";
		};
/* End PBXNativeTarget section */

/* Begin PBXProject section */
		5BCCD181262FDA78006616F7 /* Project object */ = {
			isa = PBXProject;
			attributes = {
				LastSwiftUpdateCheck = 1240;
				LastUpgradeCheck = 1240;
				TargetAttributes = {
					5BCCD188262FDA78006616F7 = {
						CreatedOnToolsVersion = 12.4;
					};
					5BCCD1A1262FDA7A006616F7 = {
						CreatedOnToolsVersion = 12.4;
						TestTargetID = 5BCCD188262FDA78006616F7;
					};
					5BCCD1AC262FDA7A006616F7 = {
						CreatedOnToolsVersion = 12.4;
						TestTargetID = 5BCCD188262FDA78006616F7;
					};
				};
			};
			buildConfigurationList = 5BCCD184262FDA78006616F7 /* Build configuration list for PBXProject "CarbonFootprintManager" */;
			compatibilityVersion = "Xcode 9.3";
			developmentRegion = en;
			hasScannedForEncodings = 0;
			knownRegions = (
				en,
				Base,
			);
			mainGroup = 5BCCD180262FDA78006616F7;
			productRefGroup = 5BCCD18A262FDA78006616F7 /* Products */;
			projectDirPath = "";
			projectRoot = "";
			targets = (
				5BCCD188262FDA78006616F7 /* CarbonFootprintManager */,
				5BCCD1A1262FDA7A006616F7 /* CarbonFootprintManagerTests */,
				5BCCD1AC262FDA7A006616F7 /* CarbonFootprintManagerUITests */,
			);
		};
/* End PBXProject section */

/* Begin PBXResourcesBuildPhase section */
		5BCCD187262FDA78006616F7 /* Resources */ = {
			isa = PBXResourcesBuildPhase;
			buildActionMask = 2147483647;
			files = (
				5BCCD19C262FDA79006616F7 /* LaunchScreen.storyboard in Resources */,
				5BCCD199262FDA79006616F7 /* Assets.xcassets in Resources */,
				5BCCD194262FDA78006616F7 /* Main.storyboard in Resources */,
			);
			runOnlyForDeploymentPostprocessing = 0;
		};
		5BCCD1A0262FDA7A006616F7 /* Resources */ = {
			isa = PBXResourcesBuildPhase;
			buildActionMask = 2147483647;
			files = (
			);
			runOnlyForDeploymentPostprocessing = 0;
		};
		5BCCD1AB262FDA7A006616F7 /* Resources */ = {
			isa = PBXResourcesBuildPhase;
			buildActionMask = 2147483647;
			files = (
			);
			runOnlyForDeploymentPostprocessing = 0;
		};
/* End PBXResourcesBuildPhase section */

/* Begin PBXSourcesBuildPhase section */
		5BCCD185262FDA78006616F7 /* Sources */ = {
			isa = PBXSourcesBuildPhase;
			buildActionMask = 2147483647;
			files = (
				5BAE6A3C2640B18700B2324A /* Information.swift in Sources */,
				5BAE6A2C2640A6C500B2324A /* HowSaveViewController.swift in Sources */,
				5B978C882633B22300FE383C /* SavingsViewController.swift in Sources */,
				5BCCD1C5262FDC2C006616F7 /* CalculatorViewController.swift in Sources */,
				5BCCD197262FDA78006616F7 /* CarbonFootprintManager.xcdatamodeld in Sources */,
				5BCCD191262FDA78006616F7 /* ViewController.swift in Sources */,
				5B978C7F2632539F00FE383C /* HouseCalcViewController.swift in Sources */,
				5B46822A263245BC00A34E9D /* BusiCalcViewController.swift in Sources */,
				5BCCD18D262FDA78006616F7 /* AppDelegate.swift in Sources */,
				5BAE6A362640B16C00B2324A /* DonationLocationViewController.swift in Sources */,
				5B978C8D2633B31200FE383C /* SavingsDataViewController.swift in Sources */,
				5B4682182631D2E400A34E9D /* BusinessesViewController.swift in Sources */,
				5B468211263128B800A34E9D /* ConstantsViewController.swift in Sources */,
				5B4682252631D30300A34E9D /* TruckCalc.swift in Sources */,
				5BAE6A412640B18F00B2324A /* Location.swift in Sources */,
				5BCCD1CA262FDC36006616F7 /* calc.swift in Sources */,
				5B978C7A2632539600FE383C /* HouseDataViewController.swift in Sources */,
				5B4682202631D2F600A34E9D /* AirplaneCalc.swift in Sources */,
				5BCCD1CF262FE01F006616F7 /* avoidSpending.swift in Sources */,
				5B46820B2631118B00A34E9D /* CarCalcViewController.swift in Sources */,
				5B9D935126351CFE000A0EB1 /* Designers.swift in Sources */,
				5BAE6A312640AA5400B2324A /* MainSaveViewController.swift in Sources */,
				5B6EBC242644E738006AC832 /* ConversionViewController.swift in Sources */,
				5BCCD18F262FDA78006616F7 /* SceneDelegate.swift in Sources */,
			);
			runOnlyForDeploymentPostprocessing = 0;
		};
		5BCCD19E262FDA7A006616F7 /* Sources */ = {
			isa = PBXSourcesBuildPhase;
			buildActionMask = 2147483647;
			files = (
				5BCCD1A7262FDA7A006616F7 /* CarbonFootprintManagerTests.swift in Sources */,
			);
			runOnlyForDeploymentPostprocessing = 0;
		};
		5BCCD1A9262FDA7A006616F7 /* Sources */ = {
			isa = PBXSourcesBuildPhase;
			buildActionMask = 2147483647;
			files = (
				5BCCD1B2262FDA7A006616F7 /* CarbonFootprintManagerUITests.swift in Sources */,
			);
			runOnlyForDeploymentPostprocessing = 0;
		};
/* End PBXSourcesBuildPhase section */

/* Begin PBXTargetDependency section */
		5BCCD1A4262FDA7A006616F7 /* PBXTargetDependency */ = {
			isa = PBXTargetDependency;
			target = 5BCCD188262FDA78006616F7 /* CarbonFootprintManager */;
			targetProxy = 5BCCD1A3262FDA7A006616F7 /* PBXContainerItemProxy */;
		};
		5BCCD1AF262FDA7A006616F7 /* PBXTargetDependency */ = {
			isa = PBXTargetDependency;
			target = 5BCCD188262FDA78006616F7 /* CarbonFootprintManager */;
			targetProxy = 5BCCD1AE262FDA7A006616F7 /* PBXContainerItemProxy */;
		};
/* End PBXTargetDependency section */

/* Begin PBXVariantGroup section */
		5BCCD192262FDA78006616F7 /* Main.storyboard */ = {
			isa = PBXVariantGroup;
			children = (
				5BCCD193262FDA78006616F7 /* Base */,
			);
			name = Main.storyboard;
			sourceTree = "<group>";
		};
		5BCCD19A262FDA79006616F7 /* LaunchScreen.storyboard */ = {
			isa = PBXVariantGroup;
			children = (
				5BCCD19B262FDA79006616F7 /* Base */,
			);
			name = LaunchScreen.storyboard;
			sourceTree = "<group>";
		};
/* End PBXVariantGroup section */

/* Begin XCBuildConfiguration section */
		5BCCD1B4262FDA7A006616F7 /* Debug */ = {
			isa = XCBuildConfiguration;
			buildSettings = {
				ALWAYS_SEARCH_USER_PATHS = NO;
				CLANG_ANALYZER_NONNULL = YES;
				CLANG_ANALYZER_NUMBER_OBJECT_CONVERSION = YES_AGGRESSIVE;
				CLANG_CXX_LANGUAGE_STANDARD = "gnu++14";
				CLANG_CXX_LIBRARY = "libc++";
				CLANG_ENABLE_MODULES = YES;
				CLANG_ENABLE_OBJC_ARC = YES;
				CLANG_ENABLE_OBJC_WEAK = YES;
				CLANG_WARN_BLOCK_CAPTURE_AUTORELEASING = YES;
				CLANG_WARN_BOOL_CONVERSION = YES;
				CLANG_WARN_COMMA = YES;
				CLANG_WARN_CONSTANT_CONVERSION = YES;
				CLANG_WARN_DEPRECATED_OBJC_IMPLEMENTATIONS = YES;
				CLANG_WARN_DIRECT_OBJC_ISA_USAGE = YES_ERROR;
				CLANG_WARN_DOCUMENTATION_COMMENTS = YES;
				CLANG_WARN_EMPTY_BODY = YES;
				CLANG_WARN_ENUM_CONVERSION = YES;
				CLANG_WARN_INFINITE_RECURSION = YES;
				CLANG_WARN_INT_CONVERSION = YES;
				CLANG_WARN_NON_LITERAL_NULL_CONVERSION = YES;
				CLANG_WARN_OBJC_IMPLICIT_RETAIN_SELF = YES;
				CLANG_WARN_OBJC_LITERAL_CONVERSION = YES;
				CLANG_WARN_OBJC_ROOT_CLASS = YES_ERROR;
				CLANG_WARN_QUOTED_INCLUDE_IN_FRAMEWORK_HEADER = YES;
				CLANG_WARN_RANGE_LOOP_ANALYSIS = YES;
				CLANG_WARN_STRICT_PROTOTYPES = YES;
				CLANG_WARN_SUSPICIOUS_MOVE = YES;
				CLANG_WARN_UNGUARDED_AVAILABILITY = YES_AGGRESSIVE;
				CLANG_WARN_UNREACHABLE_CODE = YES;
				CLANG_WARN__DUPLICATE_METHOD_MATCH = YES;
				COPY_PHASE_STRIP = NO;
				DEBUG_INFORMATION_FORMAT = dwarf;
				ENABLE_STRICT_OBJC_MSGSEND = YES;
				ENABLE_TESTABILITY = YES;
				GCC_C_LANGUAGE_STANDARD = gnu11;
				GCC_DYNAMIC_NO_PIC = NO;
				GCC_NO_COMMON_BLOCKS = YES;
				GCC_OPTIMIZATION_LEVEL = 0;
				GCC_PREPROCESSOR_DEFINITIONS = (
					"DEBUG=1",
					"$(inherited)",
				);
				GCC_WARN_64_TO_32_BIT_CONVERSION = YES;
				GCC_WARN_ABOUT_RETURN_TYPE = YES_ERROR;
				GCC_WARN_UNDECLARED_SELECTOR = YES;
				GCC_WARN_UNINITIALIZED_AUTOS = YES_AGGRESSIVE;
				GCC_WARN_UNUSED_FUNCTION = YES;
				GCC_WARN_UNUSED_VARIABLE = YES;
				IPHONEOS_DEPLOYMENT_TARGET = 13.0;
				MTL_ENABLE_DEBUG_INFO = INCLUDE_SOURCE;
				MTL_FAST_MATH = YES;
				ONLY_ACTIVE_ARCH = YES;
				SDKROOT = iphoneos;
				SWIFT_ACTIVE_COMPILATION_CONDITIONS = DEBUG;
				SWIFT_OPTIMIZATION_LEVEL = "-Onone";
			};
			name = Debug;
		};
		5BCCD1B5262FDA7A006616F7 /* Release */ = {
			isa = XCBuildConfiguration;
			buildSettings = {
				ALWAYS_SEARCH_USER_PATHS = NO;
				CLANG_ANALYZER_NONNULL = YES;
				CLANG_ANALYZER_NUMBER_OBJECT_CONVERSION = YES_AGGRESSIVE;
				CLANG_CXX_LANGUAGE_STANDARD = "gnu++14";
				CLANG_CXX_LIBRARY = "libc++";
				CLANG_ENABLE_MODULES = YES;
				CLANG_ENABLE_OBJC_ARC = YES;
				CLANG_ENABLE_OBJC_WEAK = YES;
				CLANG_WARN_BLOCK_CAPTURE_AUTORELEASING = YES;
				CLANG_WARN_BOOL_CONVERSION = YES;
				CLANG_WARN_COMMA = YES;
				CLANG_WARN_CONSTANT_CONVERSION = YES;
				CLANG_WARN_DEPRECATED_OBJC_IMPLEMENTATIONS = YES;
				CLANG_WARN_DIRECT_OBJC_ISA_USAGE = YES_ERROR;
				CLANG_WARN_DOCUMENTATION_COMMENTS = YES;
				CLANG_WARN_EMPTY_BODY = YES;
				CLANG_WARN_ENUM_CONVERSION = YES;
				CLANG_WARN_INFINITE_RECURSION = YES;
				CLANG_WARN_INT_CONVERSION = YES;
				CLANG_WARN_NON_LITERAL_NULL_CONVERSION = YES;
				CLANG_WARN_OBJC_IMPLICIT_RETAIN_SELF = YES;
				CLANG_WARN_OBJC_LITERAL_CONVERSION = YES;
				CLANG_WARN_OBJC_ROOT_CLASS = YES_ERROR;
				CLANG_WARN_QUOTED_INCLUDE_IN_FRAMEWORK_HEADER = YES;
				CLANG_WARN_RANGE_LOOP_ANALYSIS = YES;
				CLANG_WARN_STRICT_PROTOTYPES = YES;
				CLANG_WARN_SUSPICIOUS_MOVE = YES;
				CLANG_WARN_UNGUARDED_AVAILABILITY = YES_AGGRESSIVE;
				CLANG_WARN_UNREACHABLE_CODE = YES;
				CLANG_WARN__DUPLICATE_METHOD_MATCH = YES;
				COPY_PHASE_STRIP = NO;
				DEBUG_INFORMATION_FORMAT = "dwarf-with-dsym";
				ENABLE_NS_ASSERTIONS = NO;
				ENABLE_STRICT_OBJC_MSGSEND = YES;
				GCC_C_LANGUAGE_STANDARD = gnu11;
				GCC_NO_COMMON_BLOCKS = YES;
				GCC_WARN_64_TO_32_BIT_CONVERSION = YES;
				GCC_WARN_ABOUT_RETURN_TYPE = YES_ERROR;
				GCC_WARN_UNDECLARED_SELECTOR = YES;
				GCC_WARN_UNINITIALIZED_AUTOS = YES_AGGRESSIVE;
				GCC_WARN_UNUSED_FUNCTION = YES;
				GCC_WARN_UNUSED_VARIABLE = YES;
				IPHONEOS_DEPLOYMENT_TARGET = 13.0;
				MTL_ENABLE_DEBUG_INFO = NO;
				MTL_FAST_MATH = YES;
				SDKROOT = iphoneos;
				SWIFT_COMPILATION_MODE = wholemodule;
				SWIFT_OPTIMIZATION_LEVEL = "-O";
				VALIDATE_PRODUCT = YES;
			};
			name = Release;
		};
		5BCCD1B7262FDA7A006616F7 /* Debug */ = {
			isa = XCBuildConfiguration;
			buildSettings = {
				ASSETCATALOG_COMPILER_APPICON_NAME = AppIcon;
				ASSETCATALOG_COMPILER_GLOBAL_ACCENT_COLOR_NAME = AccentColor;
				CODE_SIGN_ENTITLEMENTS = CarbonFootprintManager/CarbonFootprintManager.entitlements;
				CODE_SIGN_STYLE = Automatic;
				DEVELOPMENT_TEAM = 7B6A868M7K;
				INFOPLIST_FILE = CarbonFootprintManager/Info.plist;
				IPHONEOS_DEPLOYMENT_TARGET = 13.0;
				LD_RUNPATH_SEARCH_PATHS = (
					"$(inherited)",
					"@executable_path/Frameworks",
				);
				PRODUCT_BUNDLE_IDENTIFIER = com.RW.CarbonFootprintManager;
				PRODUCT_NAME = "$(TARGET_NAME)";
				SWIFT_VERSION = 5.0;
				TARGETED_DEVICE_FAMILY = "1,2";
			};
			name = Debug;
		};
		5BCCD1B8262FDA7A006616F7 /* Release */ = {
			isa = XCBuildConfiguration;
			buildSettings = {
				ASSETCATALOG_COMPILER_APPICON_NAME = AppIcon;
				ASSETCATALOG_COMPILER_GLOBAL_ACCENT_COLOR_NAME = AccentColor;
				CODE_SIGN_ENTITLEMENTS = CarbonFootprintManager/CarbonFootprintManager.entitlements;
				CODE_SIGN_STYLE = Automatic;
				DEVELOPMENT_TEAM = 7B6A868M7K;
				INFOPLIST_FILE = CarbonFootprintManager/Info.plist;
				IPHONEOS_DEPLOYMENT_TARGET = 13.0;
				LD_RUNPATH_SEARCH_PATHS = (
					"$(inherited)",
					"@executable_path/Frameworks",
				);
				PRODUCT_BUNDLE_IDENTIFIER = com.RW.CarbonFootprintManager;
				PRODUCT_NAME = "$(TARGET_NAME)";
				SWIFT_VERSION = 5.0;
				TARGETED_DEVICE_FAMILY = "1,2";
			};
			name = Release;
		};
		5BCCD1BA262FDA7A006616F7 /* Debug */ = {
			isa = XCBuildConfiguration;
			buildSettings = {
				ALWAYS_EMBED_SWIFT_STANDARD_LIBRARIES = YES;
				BUNDLE_LOADER = "$(TEST_HOST)";
				CODE_SIGN_STYLE = Automatic;
				DEVELOPMENT_TEAM = 7B6A868M7K;
				INFOPLIST_FILE = CarbonFootprintManagerTests/Info.plist;
				IPHONEOS_DEPLOYMENT_TARGET = 14.4;
				LD_RUNPATH_SEARCH_PATHS = (
					"$(inherited)",
					"@executable_path/Frameworks",
					"@loader_path/Frameworks",
				);
				PRODUCT_BUNDLE_IDENTIFIER = com.RW.CarbonFootprintManagerTests;
				PRODUCT_NAME = "$(TARGET_NAME)";
				SWIFT_VERSION = 5.0;
				TARGETED_DEVICE_FAMILY = "1,2";
				TEST_HOST = "$(BUILT_PRODUCTS_DIR)/CarbonFootprintManager.app/CarbonFootprintManager";
			};
			name = Debug;
		};
		5BCCD1BB262FDA7A006616F7 /* Release */ = {
			isa = XCBuildConfiguration;
			buildSettings = {
				ALWAYS_EMBED_SWIFT_STANDARD_LIBRARIES = YES;
				BUNDLE_LOADER = "$(TEST_HOST)";
				CODE_SIGN_STYLE = Automatic;
				DEVELOPMENT_TEAM = 7B6A868M7K;
				INFOPLIST_FILE = CarbonFootprintManagerTests/Info.plist;
				IPHONEOS_DEPLOYMENT_TARGET = 14.4;
				LD_RUNPATH_SEARCH_PATHS = (
					"$(inherited)",
					"@executable_path/Frameworks",
					"@loader_path/Frameworks",
				);
				PRODUCT_BUNDLE_IDENTIFIER = com.RW.CarbonFootprintManagerTests;
				PRODUCT_NAME = "$(TARGET_NAME)";
				SWIFT_VERSION = 5.0;
				TARGETED_DEVICE_FAMILY = "1,2";
				TEST_HOST = "$(BUILT_PRODUCTS_DIR)/CarbonFootprintManager.app/CarbonFootprintManager";
			};
			name = Release;
		};
		5BCCD1BD262FDA7A006616F7 /* Debug */ = {
			isa = XCBuildConfiguration;
			buildSettings = {
				ALWAYS_EMBED_SWIFT_STANDARD_LIBRARIES = YES;
				CODE_SIGN_STYLE = Automatic;
				DEVELOPMENT_TEAM = 7B6A868M7K;
				INFOPLIST_FILE = CarbonFootprintManagerUITests/Info.plist;
				LD_RUNPATH_SEARCH_PATHS = (
					"$(inherited)",
					"@executable_path/Frameworks",
					"@loader_path/Frameworks",
				);
				PRODUCT_BUNDLE_IDENTIFIER = com.RW.CarbonFootprintManagerUITests;
				PRODUCT_NAME = "$(TARGET_NAME)";
				SWIFT_VERSION = 5.0;
				TARGETED_DEVICE_FAMILY = "1,2";
				TEST_TARGET_NAME = CarbonFootprintManager;
			};
			name = Debug;
		};
		5BCCD1BE262FDA7A006616F7 /* Release */ = {
			isa = XCBuildConfiguration;
			buildSettings = {
				ALWAYS_EMBED_SWIFT_STANDARD_LIBRARIES = YES;
				CODE_SIGN_STYLE = Automatic;
				DEVELOPMENT_TEAM = 7B6A868M7K;
				INFOPLIST_FILE = CarbonFootprintManagerUITests/Info.plist;
				LD_RUNPATH_SEARCH_PATHS = (
					"$(inherited)",
					"@executable_path/Frameworks",
					"@loader_path/Frameworks",
				);
				PRODUCT_BUNDLE_IDENTIFIER = com.RW.CarbonFootprintManagerUITests;
				PRODUCT_NAME = "$(TARGET_NAME)";
				SWIFT_VERSION = 5.0;
				TARGETED_DEVICE_FAMILY = "1,2";
				TEST_TARGET_NAME = CarbonFootprintManager;
			};
			name = Release;
		};
/* End XCBuildConfiguration section */

/* Begin XCConfigurationList section */
		5BCCD184262FDA78006616F7 /* Build configuration list for PBXProject "CarbonFootprintManager" */ = {
			isa = XCConfigurationList;
			buildConfigurations = (
				5BCCD1B4262FDA7A006616F7 /* Debug */,
				5BCCD1B5262FDA7A006616F7 /* Release */,
			);
			defaultConfigurationIsVisible = 0;
			defaultConfigurationName = Release;
		};
		5BCCD1B6262FDA7A006616F7 /* Build configuration list for PBXNativeTarget "CarbonFootprintManager" */ = {
			isa = XCConfigurationList;
			buildConfigurations = (
				5BCCD1B7262FDA7A006616F7 /* Debug */,
				5BCCD1B8262FDA7A006616F7 /* Release */,
			);
			defaultConfigurationIsVisible = 0;
			defaultConfigurationName = Release;
		};
		5BCCD1B9262FDA7A006616F7 /* Build configuration list for PBXNativeTarget "CarbonFootprintManagerTests" */ = {
			isa = XCConfigurationList;
			buildConfigurations = (
				5BCCD1BA262FDA7A006616F7 /* Debug */,
				5BCCD1BB262FDA7A006616F7 /* Release */,
			);
			defaultConfigurationIsVisible = 0;
			defaultConfigurationName = Release;
		};
		5BCCD1BC262FDA7A006616F7 /* Build configuration list for PBXNativeTarget "CarbonFootprintManagerUITests" */ = {
			isa = XCConfigurationList;
			buildConfigurations = (
				5BCCD1BD262FDA7A006616F7 /* Debug */,
				5BCCD1BE262FDA7A006616F7 /* Release */,
			);
			defaultConfigurationIsVisible = 0;
			defaultConfigurationName = Release;
		};
/* End XCConfigurationList section */

/* Begin XCVersionGroup section */
		5BCCD195262FDA78006616F7 /* CarbonFootprintManager.xcdatamodeld */ = {
			isa = XCVersionGroup;
			children = (
				5BCCD196262FDA78006616F7 /* CarbonFootprintManager.xcdatamodel */,
			);
			currentVersion = 5BCCD196262FDA78006616F7 /* CarbonFootprintManager.xcdatamodel */;
			path = CarbonFootprintManager.xcdatamodeld;
			sourceTree = "<group>";
			versionGroupType = wrapper.xcdatamodel;
		};
/* End XCVersionGroup section */
	};
	rootObject = 5BCCD181262FDA78006616F7 /* Project object */;
}
